
Microsoft Visual Studio Solution File, Format Version 12.00
# Visual Studio Version 17
VisualStudioVersion = 17.4.33213.308
MinimumVisualStudioVersion = 10.0.40219.1
Project("{FAE04EC0-301F-11D3-BF4B-00C04F79EFBC}") = "UpworkProject", "UpworkProject\UpworkProject.csproj", "{BE8C40B3-1335-41AD-B1F6-8E3230BD9903}"
EndProject
Global
	GlobalSection(SolutionConfigurationPlatforms) = preSolution
		Debug|Any CPU = Debug|Any CPU
		Release|Any CPU = Release|Any CPU
	EndGlobalSection
	GlobalSection(ProjectConfigurationPlatforms) = postSolution
		{BE8C40B3-1335-41AD-B1F6-8E3230BD9903}.Debug|Any CPU.ActiveCfg = Debug|Any CPU
		{BE8C40B3-1335-41AD-B1F6-8E3230BD9903}.Debug|Any CPU.Build.0 = Debug|Any CPU
		{BE8C40B3-1335-41AD-B1F6-8E3230BD9903}.Release|Any CPU.ActiveCfg = Release|Any CPU
		{BE8C40B3-1335-41AD-B1F6-8E3230BD9903}.Release|Any CPU.Build.0 = Release|Any CPU
	EndGlobalSection
	GlobalSection(SolutionProperties) = preSolution
		HideSolutionNode = FALSE
	EndGlobalSection
	GlobalSection(ExtensibilityGlobals) = postSolution
		SolutionGuid = {80DB0D38-ADB2-49DA-950F-032932F5A2BC}
	EndGlobalSection
EndGlobal
